
Microsoft Visual Studio Solution File, Format Version 12.00
# Visual Studio 15
VisualStudioVersion = 15.0.26730.15
MinimumVisualStudioVersion = 10.0.40219.1
Project("{FAE04EC0-301F-11D3-BF4B-00C04F79EFBC}") = "лаба13", "лаба13\лаба13.csproj", "{518EE5D0-168D-4BD6-B681-D9BF7A92ABEF}"
EndProject
Global
	GlobalSection(SolutionConfigurationPlatforms) = preSolution
		Debug|Any CPU = Debug|Any CPU
		Release|Any CPU = Release|Any CPU
	EndGlobalSection
	GlobalSection(ProjectConfigurationPlatforms) = postSolution
		{518EE5D0-168D-4BD6-B681-D9BF7A92ABEF}.Debug|Any CPU.ActiveCfg = Debug|Any CPU
		{518EE5D0-168D-4BD6-B681-D9BF7A92ABEF}.Debug|Any CPU.Build.0 = Debug|Any CPU
		{518EE5D0-168D-4BD6-B681-D9BF7A92ABEF}.Release|Any CPU.ActiveCfg = Release|Any CPU
		{518EE5D0-168D-4BD6-B681-D9BF7A92ABEF}.Release|Any CPU.Build.0 = Release|Any CPU
	EndGlobalSection
	GlobalSection(SolutionProperties) = preSolution
		HideSolutionNode = FALSE
	EndGlobalSection
	GlobalSection(ExtensibilityGlobals) = postSolution
		SolutionGuid = {09DDD0CB-1D15-47E7-8A1E-587F61E3F76D}
	EndGlobalSection
EndGlobal
